
Microsoft Visual Studio Solution File, Format Version 12.00
# Visual Studio Version 16
VisualStudioVersion = 16.0.30523.141
MinimumVisualStudioVersion = 10.0.40219.1
Project("{9A19103F-16F7-4668-BE54-9A1E7A4F7556}") = "praxicloud.core.kestrel", "praxicloud.core.kestrel\praxicloud.core.kestrel.csproj", "{6C6B255F-E64D-4C41-AE4B-C53B2FA7396D}"
EndProject
Project("{9A19103F-16F7-4668-BE54-9A1E7A4F7556}") = "praxicloud.core.kestrel.tests", "praxicloud.core.kestrel.tests\praxicloud.core.kestrel.tests.csproj", "{5902CED4-91B2-431A-82E9-186C2F9D243F}"
EndProject
Global
	GlobalSection(SolutionConfigurationPlatforms) = preSolution
		Debug|Any CPU = Debug|Any CPU
		Release|Any CPU = Release|Any CPU
	EndGlobalSection
	GlobalSection(ProjectConfigurationPlatforms) = postSolution
		{6C6B255F-E64D-4C41-AE4B-C53B2FA7396D}.Debug|Any CPU.ActiveCfg = Debug|Any CPU
		{6C6B255F-E64D-4C41-AE4B-C53B2FA7396D}.Debug|Any CPU.Build.0 = Debug|Any CPU
		{6C6B255F-E64D-4C41-AE4B-C53B2FA7396D}.Release|Any CPU.ActiveCfg = Release|Any CPU
		{6C6B255F-E64D-4C41-AE4B-C53B2FA7396D}.Release|Any CPU.Build.0 = Release|Any CPU
		{5902CED4-91B2-431A-82E9-186C2F9D243F}.Debug|Any CPU.ActiveCfg = Debug|Any CPU
		{5902CED4-91B2-431A-82E9-186C2F9D243F}.Debug|Any CPU.Build.0 = Debug|Any CPU
		{5902CED4-91B2-431A-82E9-186C2F9D243F}.Release|Any CPU.ActiveCfg = Release|Any CPU
		{5902CED4-91B2-431A-82E9-186C2F9D243F}.Release|Any CPU.Build.0 = Release|Any CPU
	EndGlobalSection
	GlobalSection(SolutionProperties) = preSolution
		HideSolutionNode = FALSE
	EndGlobalSection
	GlobalSection(ExtensibilityGlobals) = postSolution
		SolutionGuid = {EAD911E3-06E6-4184-96AE-08B558537C1F}
	EndGlobalSection
EndGlobal
